
Microsoft Visual Studio Solution File, Format Version 12.00
# Visual Studio 15
VisualStudioVersion = 15.0.28307.489
MinimumVisualStudioVersion = 10.0.40219.1
Project("{F184B08F-C81C-45F6-A57F-5ABD9991F28F}") = "Minhas_Lanchonetes", "Minhas_Lanchonetes\Minhas_Lanchonetes.vbproj", "{D881D91B-8904-49A9-A56A-3B51E57DB8EB}"
EndProject
Global
	GlobalSection(SolutionConfigurationPlatforms) = preSolution
		Debug|Any CPU = Debug|Any CPU
		Release|Any CPU = Release|Any CPU
	EndGlobalSection
	GlobalSection(ProjectConfigurationPlatforms) = postSolution
		{D881D91B-8904-49A9-A56A-3B51E57DB8EB}.Debug|Any CPU.ActiveCfg = Debug|Any CPU
		{D881D91B-8904-49A9-A56A-3B51E57DB8EB}.Debug|Any CPU.Build.0 = Debug|Any CPU
		{D881D91B-8904-49A9-A56A-3B51E57DB8EB}.Release|Any CPU.ActiveCfg = Release|Any CPU
		{D881D91B-8904-49A9-A56A-3B51E57DB8EB}.Release|Any CPU.Build.0 = Release|Any CPU
	EndGlobalSection
	GlobalSection(SolutionProperties) = preSolution
		HideSolutionNode = FALSE
	EndGlobalSection
	GlobalSection(ExtensibilityGlobals) = postSolution
		SolutionGuid = {CB2075D0-28ED-4D6B-AA43-636FD6864B1A}
	EndGlobalSection
EndGlobal
